
Microsoft Visual Studio Solution File, Format Version 12.00
# Visual Studio Version 17
VisualStudioVersion = 17.9.34728.123
MinimumVisualStudioVersion = 10.0.40219.1
Project("{FAE04EC0-301F-11D3-BF4B-00C04F79EFBC}") = "AngulosGrados", "AngulosGrados\AngulosGrados.csproj", "{C87C92B8-996D-4C21-8ED0-FA0471527E00}"
EndProject
Global
	GlobalSection(SolutionConfigurationPlatforms) = preSolution
		Debug|Any CPU = Debug|Any CPU
		Release|Any CPU = Release|Any CPU
	EndGlobalSection
	GlobalSection(ProjectConfigurationPlatforms) = postSolution
		{C87C92B8-996D-4C21-8ED0-FA0471527E00}.Debug|Any CPU.ActiveCfg = Debug|Any CPU
		{C87C92B8-996D-4C21-8ED0-FA0471527E00}.Debug|Any CPU.Build.0 = Debug|Any CPU
		{C87C92B8-996D-4C21-8ED0-FA0471527E00}.Release|Any CPU.ActiveCfg = Release|Any CPU
		{C87C92B8-996D-4C21-8ED0-FA0471527E00}.Release|Any CPU.Build.0 = Release|Any CPU
	EndGlobalSection
	GlobalSection(SolutionProperties) = preSolution
		HideSolutionNode = FALSE
	EndGlobalSection
	GlobalSection(ExtensibilityGlobals) = postSolution
		SolutionGuid = {8164D5AA-1125-40B9-8636-20249E83D934}
	EndGlobalSection
EndGlobal
